{
  "version": 4,
  "terraform_version": "1.8.2",
  "serial": 284,
  "lineage": "5ce42aa0-25ac-939f-f1eb-d52c05c72d1f",
  "outputs": {
    "asia_vpn_ip_address": {
      "value": "34.85.18.154",
      "type": "string"
    },
    "europe_vm_internal_ip": {
      "value": "10.150.11.2",
      "type": "string"
    },
    "europe_vpn_ip_address": {
      "value": "34.76.178.39",
      "type": "string"
    },
    "website_url": {
      "value": "http://european-web-bucket.storage.googleapis.com/index.html",
      "type": "string"
    }
  },
  "resources": [
    {
      "mode": "data",
      "type": "google_secret_manager_secret_version",
      "name": "vpn_secret",
      "provider": "provider[\"registry.terraform.io/hashicorp/google\"]",
      "instances": [
        {
          "schema_version": 0,
          "attributes": {
            "create_time": "2024-05-14T17:00:13.855428Z",
            "destroy_time": null,
            "enabled": true,
            "id": "projects/27955412352/secrets/terraform-gcp-secret/versions/1",
            "name": "projects/27955412352/secrets/terraform-gcp-secret/versions/1",
            "project": "terraform-gcp-justjules",
            "secret": "terraform-gcp-secret",
            
            "version": "1"
          },
          "sensitive_attributes": [
            [
              {
                "type": "get_attr",
                "value": "secret_data"
              }
            ]
          ]
        }
      ]
    },
    {
      "module": "module.america",
      "mode": "managed",
      "type": "google_compute_firewall",
      "name": "america_firewall",
      "provider": "module.america.provider[\"registry.terraform.io/hashicorp/google\"]",
      "instances": [
        {
          "schema_version": 1,
          "attributes": {
            "allow": [
              {
                "ports": [
                  "80",
                  "22",
                  "3389"
                ],
                "protocol": "tcp"
              }
            ],
            "creation_timestamp": "2024-05-15T15:07:02.294-07:00",
            "deny": [],
            "description": "",
            "destination_ranges": [],
            "direction": "INGRESS",
            "disabled": false,
            "enable_logging": null,
            "id": "projects/terraform-gcp-justjules/global/firewalls/america-to-europe-http",
            "log_config": [],
            "name": "america-to-europe-http",
            "network": "https://www.googleapis.com/compute/v1/projects/terraform-gcp-justjules/global/networks/americas-network",
            "priority": 1000,
            "project": "terraform-gcp-justjules",
            "self_link": "https://www.googleapis.com/compute/v1/projects/terraform-gcp-justjules/global/firewalls/america-to-europe-http",
            "source_ranges": [
              "0.0.0.0/0",
              "35.235.240.0/20"
            ],
            "source_service_accounts": null,
            "source_tags": null,
            "target_service_accounts": null,
            "target_tags": [
              "america-http-server",
              "iap-ssh-allowed"
            ],
            "timeouts": null
          },
          "sensitive_attributes": [],
          "private": "eyJlMmJmYjczMC1lY2FhLTExZTYtOGY4OC0zNDM2M2JjN2M0YzAiOnsiY3JlYXRlIjoxMjAwMDAwMDAwMDAwLCJkZWxldGUiOjEyMDAwMDAwMDAwMDAsInVwZGF0ZSI6MTIwMDAwMDAwMDAwMH0sInNjaGVtYV92ZXJzaW9uIjoiMSJ9",
          "dependencies": [
            "module.america.google_compute_network.americas_network"
          ]
        }
      ]
    },
    {
      "module": "module.america",
      "mode": "managed",
      "type": "google_compute_instance",
      "name": "america_vm",
      "provider": "module.america.provider[\"registry.terraform.io/hashicorp/google\"]",
      "instances": [
        {
          "index_key": "america-vm1",
          "schema_version": 6,
          "attributes": {
            "advanced_machine_features": [],
            "allow_stopping_for_update": null,
            "attached_disk": [],
            "boot_disk": [
              {
                "auto_delete": true,
                "device_name": "persistent-disk-0",
                "disk_encryption_key_raw": "",
                "disk_encryption_key_sha256": "",
                "initialize_params": [
                  {
                    "enable_confidential_compute": false,
                    "image": "https://www.googleapis.com/compute/v1/projects/debian-cloud/global/images/debian-11-bullseye-v20240515",
                    "labels": {},
                    "provisioned_iops": 0,
                    "provisioned_throughput": 0,
                    "resource_manager_tags": null,
                    "size": 10,
                    "type": "pd-standard"
                  }
                ],
                "kms_key_self_link": "",
                "mode": "READ_WRITE",
                "source": "https://www.googleapis.com/compute/v1/projects/terraform-gcp-justjules/zones/us-west1-a/disks/america-vm1"
              }
            ],
            "can_ip_forward": false,
            "confidential_instance_config": [],
            "cpu_platform": "Intel Broadwell",
            "current_status": "RUNNING",
            "deletion_protection": false,
            "description": "",
            "desired_status": null,
            "effective_labels": {},
            "enable_display": false,
            "guest_accelerator": [],
            "hostname": "",
            "id": "projects/terraform-gcp-justjules/zones/us-west1-a/instances/america-vm1",
            "instance_id": "2119156902971084017",
            "label_fingerprint": "42WmSpB8rSM=",
            "labels": null,
            "machine_type": "e2-medium",
            "metadata": null,
            "metadata_fingerprint": "6C4DfE6RtRg=",
            "metadata_startup_script": null,
            "min_cpu_platform": "",
            "name": "america-vm1",
            "network_interface": [
              {
                "access_config": [
                  {
                    "nat_ip": "34.83.248.142",
                    "network_tier": "PREMIUM",
                    "public_ptr_domain_name": ""
                  }
                ],
                "alias_ip_range": [],
                "internal_ipv6_prefix_length": 0,
                "ipv6_access_config": [],
                "ipv6_access_type": "",
                "ipv6_address": "",
                "name": "nic0",
                "network": "https://www.googleapis.com/compute/v1/projects/terraform-gcp-justjules/global/networks/americas-network",
                "network_ip": "172.16.20.2",
                "nic_type": "",
                "queue_count": 0,
                "stack_type": "IPV4_ONLY",
                "subnetwork": "https://www.googleapis.com/compute/v1/projects/terraform-gcp-justjules/regions/us-west1/subnetworks/americas-subnet1",
                "subnetwork_project": "terraform-gcp-justjules"
              }
            ],
            "network_performance_config": [],
            "params": [],
            "project": "terraform-gcp-justjules",
            "reservation_affinity": [],
            "resource_policies": null,
            "scheduling": [
              {
                "automatic_restart": true,
                "instance_termination_action": "",
                "local_ssd_recovery_timeout": [],
                "min_node_cpus": 0,
                "node_affinities": [],
                "on_host_maintenance": "MIGRATE",
                "preemptible": false,
                "provisioning_model": "STANDARD"
              }
            ],
            "scratch_disk": [],
            "self_link": "https://www.googleapis.com/compute/v1/projects/terraform-gcp-justjules/zones/us-west1-a/instances/america-vm1",
            "service_account": [],
            "shielded_instance_config": [
              {
                "enable_integrity_monitoring": true,
                "enable_secure_boot": false,
                "enable_vtpm": true
              }
            ],
            "tags": [
              "america-http-server",
              "iap-ssh-allowed"
            ],
            "tags_fingerprint": "asuHdAI2QV4=",
            "terraform_labels": {},
            "timeouts": null,
            "zone": "us-west1-a"
          },
          "sensitive_attributes": [
            [
              {
                "type": "get_attr",
                "value": "boot_disk"
              },
              {
                "type": "index",
                "value": {
                  "value": 0,
                  "type": "number"
                }
              },
              {
                "type": "get_attr",
                "value": "disk_encryption_key_raw"
              }
            ]
          ],
          "private": "eyJlMmJmYjczMC1lY2FhLTExZTYtOGY4OC0zNDM2M2JjN2M0YzAiOnsiY3JlYXRlIjoxMjAwMDAwMDAwMDAwLCJkZWxldGUiOjEyMDAwMDAwMDAwMDAsInVwZGF0ZSI6MTIwMDAwMDAwMDAwMH0sInNjaGVtYV92ZXJzaW9uIjoiNiJ9",
          "dependencies": [
            "module.america.google_compute_network.americas_network",
            "module.america.google_compute_subnetwork.americas_subnet"
          ]
        },
        {
          "index_key": "america-vm2",
          "schema_version": 6,
          "attributes": {
            "advanced_machine_features": [],
            "allow_stopping_for_update": null,
            "attached_disk": [],
            "boot_disk": [
              {
                "auto_delete": true,
                "device_name": "persistent-disk-0",
                "disk_encryption_key_raw": "",
                "disk_encryption_key_sha256": "",
                "initialize_params": [
                  {
                    "enable_confidential_compute": false,
                    "image": "https://www.googleapis.com/compute/v1/projects/windows-cloud/global/images/windows-server-2022-dc-v20240415",
                    "labels": {},
                    "provisioned_iops": 0,
                    "provisioned_throughput": 0,
                    "resource_manager_tags": null,
                    "size": 50,
                    "type": "pd-standard"
                  }
                ],
                "kms_key_self_link": "",
                "mode": "READ_WRITE",
                "source": "https://www.googleapis.com/compute/v1/projects/terraform-gcp-justjules/zones/us-east1-b/disks/america-vm2"
              }
            ],
            "can_ip_forward": false,
            "confidential_instance_config": [],
            "cpu_platform": "Intel Cascade Lake",
            "current_status": "RUNNING",
            "deletion_protection": false,
            "description": "",
            "desired_status": null,
            "effective_labels": {},
            "enable_display": false,
            "guest_accelerator": [],
            "hostname": "",
            "id": "projects/terraform-gcp-justjules/zones/us-east1-b/instances/america-vm2",
            "instance_id": "382356168093764850",
            "label_fingerprint": "42WmSpB8rSM=",
            "labels": null,
            "machine_type": "n2-standard-4",
            "metadata": null,
            "metadata_fingerprint": "6C4DfE6RtRg=",
            "metadata_startup_script": null,
            "min_cpu_platform": "",
            "name": "america-vm2",
            "network_interface": [
              {
                "access_config": [
                  {
                    "nat_ip": "104.196.46.132",
                    "network_tier": "PREMIUM",
                    "public_ptr_domain_name": ""
                  }
                ],
                "alias_ip_range": [],
                "internal_ipv6_prefix_length": 0,
                "ipv6_access_config": [],
                "ipv6_access_type": "",
                "ipv6_address": "",
                "name": "nic0",
                "network": "https://www.googleapis.com/compute/v1/projects/terraform-gcp-justjules/global/networks/americas-network",
                "network_ip": "172.16.21.2",
                "nic_type": "",
                "queue_count": 0,
                "stack_type": "IPV4_ONLY",
                "subnetwork": "https://www.googleapis.com/compute/v1/projects/terraform-gcp-justjules/regions/us-east1/subnetworks/americas-subnet2",
                "subnetwork_project": "terraform-gcp-justjules"
              }
            ],
            "network_performance_config": [],
            "params": [],
            "project": "terraform-gcp-justjules",
            "reservation_affinity": [],
            "resource_policies": null,
            "scheduling": [
              {
                "automatic_restart": true,
                "instance_termination_action": "",
                "local_ssd_recovery_timeout": [],
                "min_node_cpus": 0,
                "node_affinities": [],
                "on_host_maintenance": "MIGRATE",
                "preemptible": false,
                "provisioning_model": "STANDARD"
              }
            ],
            "scratch_disk": [],
            "self_link": "https://www.googleapis.com/compute/v1/projects/terraform-gcp-justjules/zones/us-east1-b/instances/america-vm2",
            "service_account": [],
            "shielded_instance_config": [
              {
                "enable_integrity_monitoring": true,
                "enable_secure_boot": false,
                "enable_vtpm": true
              }
            ],
            "tags": [
              "america-http-server"
            ],
            "tags_fingerprint": "uos4dqwoQzY=",
            "terraform_labels": {},
            "timeouts": null,
            "zone": "us-east1-b"
          },
          "sensitive_attributes": [
            [
              {
                "type": "get_attr",
                "value": "boot_disk"
              },
              {
                "type": "index",
                "value": {
                  "value": 0,
                  "type": "number"
                }
              },
              {
                "type": "get_attr",
                "value": "disk_encryption_key_raw"
              }
            ]
          ],
          "private": "eyJlMmJmYjczMC1lY2FhLTExZTYtOGY4OC0zNDM2M2JjN2M0YzAiOnsiY3JlYXRlIjoxMjAwMDAwMDAwMDAwLCJkZWxldGUiOjEyMDAwMDAwMDAwMDAsInVwZGF0ZSI6MTIwMDAwMDAwMDAwMH0sInNjaGVtYV92ZXJzaW9uIjoiNiJ9",
          "dependencies": [
            "module.america.google_compute_network.americas_network",
            "module.america.google_compute_subnetwork.americas_subnet"
          ]
        }
      ]
    },
    {
      "module": "module.america",
      "mode": "managed",
      "type": "google_compute_network",
      "name": "americas_network",
      "provider": "module.america.provider[\"registry.terraform.io/hashicorp/google\"]",
      "instances": [
        {
          "schema_version": 0,
          "attributes": {
            "auto_create_subnetworks": false,
            "delete_default_routes_on_create": false,
            "description": "",
            "enable_ula_internal_ipv6": false,
            "gateway_ipv4": "",
            "id": "projects/terraform-gcp-justjules/global/networks/americas-network",
            "internal_ipv6_range": "",
            "mtu": 0,
            "name": "americas-network",
            "network_firewall_policy_enforcement_order": "AFTER_CLASSIC_FIREWALL",
            "numeric_id": "6431309471223942943",
            "project": "terraform-gcp-justjules",
            "routing_mode": "REGIONAL",
            "self_link": "https://www.googleapis.com/compute/v1/projects/terraform-gcp-justjules/global/networks/americas-network",
            "timeouts": null
          },
          "sensitive_attributes": [],
          "private": "eyJlMmJmYjczMC1lY2FhLTExZTYtOGY4OC0zNDM2M2JjN2M0YzAiOnsiY3JlYXRlIjoxMjAwMDAwMDAwMDAwLCJkZWxldGUiOjEyMDAwMDAwMDAwMDAsInVwZGF0ZSI6MTIwMDAwMDAwMDAwMH19"
        }
      ]
    },
    {
      "module": "module.america",
      "mode": "managed",
      "type": "google_compute_subnetwork",
      "name": "americas_subnet",
      "provider": "module.america.provider[\"registry.terraform.io/hashicorp/google\"]",
      "instances": [
        {
          "index_key": "americas-subnet1",
          "schema_version": 0,
          "attributes": {
            "creation_timestamp": "2024-05-15T15:07:03.512-07:00",
            "description": "",
            "external_ipv6_prefix": "",
            "fingerprint": null,
            "gateway_address": "172.16.20.1",
            "id": "projects/terraform-gcp-justjules/regions/us-west1/subnetworks/americas-subnet1",
            "internal_ipv6_prefix": "",
            "ip_cidr_range": "172.16.20.0/24",
            "ipv6_access_type": "",
            "ipv6_cidr_range": "",
            "log_config": [],
            "name": "americas-subnet1",
            "network": "https://www.googleapis.com/compute/v1/projects/terraform-gcp-justjules/global/networks/americas-network",
            "private_ip_google_access": true,
            "private_ipv6_google_access": "DISABLE_GOOGLE_ACCESS",
            "project": "terraform-gcp-justjules",
            "purpose": "PRIVATE",
            "region": "us-west1",
            "role": "",
            "secondary_ip_range": [],
            "self_link": "https://www.googleapis.com/compute/v1/projects/terraform-gcp-justjules/regions/us-west1/subnetworks/americas-subnet1",
            "stack_type": "IPV4_ONLY",
            "timeouts": null
          },
          "sensitive_attributes": [],
          "private": "eyJlMmJmYjczMC1lY2FhLTExZTYtOGY4OC0zNDM2M2JjN2M0YzAiOnsiY3JlYXRlIjoxMjAwMDAwMDAwMDAwLCJkZWxldGUiOjEyMDAwMDAwMDAwMDAsInVwZGF0ZSI6MTIwMDAwMDAwMDAwMH19",
          "dependencies": [
            "module.america.google_compute_network.americas_network"
          ]
        },
        {
          "index_key": "americas-subnet2",
          "schema_version": 0,
          "attributes": {
            "creation_timestamp": "2024-05-15T15:07:02.325-07:00",
            "description": "",
            "external_ipv6_prefix": "",
            "fingerprint": null,
            "gateway_address": "172.16.21.1",
            "id": "projects/terraform-gcp-justjules/regions/us-east1/subnetworks/americas-subnet2",
            "internal_ipv6_prefix": "",
            "ip_cidr_range": "172.16.21.0/24",
            "ipv6_access_type": "",
            "ipv6_cidr_range": "",
            "log_config": [],
            "name": "americas-subnet2",
            "network": "https://www.googleapis.com/compute/v1/projects/terraform-gcp-justjules/global/networks/americas-network",
            "private_ip_google_access": true,
            "private_ipv6_google_access": "DISABLE_GOOGLE_ACCESS",
            "project": "terraform-gcp-justjules",
            "purpose": "PRIVATE",
            "region": "us-east1",
            "role": "",
            "secondary_ip_range": [],
            "self_link": "https://www.googleapis.com/compute/v1/projects/terraform-gcp-justjules/regions/us-east1/subnetworks/americas-subnet2",
            "stack_type": "IPV4_ONLY",
            "timeouts": null
          },
          "sensitive_attributes": [],
          "private": "eyJlMmJmYjczMC1lY2FhLTExZTYtOGY4OC0zNDM2M2JjN2M0YzAiOnsiY3JlYXRlIjoxMjAwMDAwMDAwMDAwLCJkZWxldGUiOjEyMDAwMDAwMDAwMDAsInVwZGF0ZSI6MTIwMDAwMDAwMDAwMH19",
          "dependencies": [
            "module.america.google_compute_network.americas_network"
          ]
        }
      ]
    },
    {
      "module": "module.asia",
      "mode": "managed",
      "type": "google_compute_firewall",
      "name": "asia_allow_rdp",
      "provider": "module.asia.provider[\"registry.terraform.io/hashicorp/google\"]",
      "instances": [
        {
          "schema_version": 1,
          "attributes": {
            "allow": [
              {
                "ports": [
                  "3389"
                ],
                "protocol": "tcp"
              }
            ],
            "creation_timestamp": "2024-05-15T15:07:02.096-07:00",
            "deny": [],
            "description": "",
            "destination_ranges": [],
            "direction": "INGRESS",
            "disabled": false,
            "enable_logging": null,
            "id": "projects/terraform-gcp-justjules/global/firewalls/asia-allow-rdp",
            "log_config": [],
            "name": "asia-allow-rdp",
            "network": "https://www.googleapis.com/compute/v1/projects/terraform-gcp-justjules/global/networks/asia-network",
            "priority": 1000,
            "project": "terraform-gcp-justjules",
            "self_link": "https://www.googleapis.com/compute/v1/projects/terraform-gcp-justjules/global/firewalls/asia-allow-rdp",
            "source_ranges": [
              "0.0.0.0/0"
            ],
            "source_service_accounts": null,
            "source_tags": null,
            "target_service_accounts": null,
            "target_tags": [
              "asia-rdp-server"
            ],
            "timeouts": null
          },
          "sensitive_attributes": [],
          "private": "eyJlMmJmYjczMC1lY2FhLTExZTYtOGY4OC0zNDM2M2JjN2M0YzAiOnsiY3JlYXRlIjoxMjAwMDAwMDAwMDAwLCJkZWxldGUiOjEyMDAwMDAwMDAwMDAsInVwZGF0ZSI6MTIwMDAwMDAwMDAwMH0sInNjaGVtYV92ZXJzaW9uIjoiMSJ9",
          "dependencies": [
            "module.asia.google_compute_network.asia_network"
          ]
        }
      ]
    },
    {
      "module": "module.asia",
      "mode": "managed",
      "type": "google_compute_instance",
      "name": "asia_vm1",
      "provider": "module.asia.provider[\"registry.terraform.io/hashicorp/google\"]",
      "instances": [
        {
          "schema_version": 6,
          "attributes": {
            "advanced_machine_features": [],
            "allow_stopping_for_update": null,
            "attached_disk": [],
            "boot_disk": [
              {
                "auto_delete": true,
                "device_name": "persistent-disk-0",
                "disk_encryption_key_raw": "",
                "disk_encryption_key_sha256": "",
                "initialize_params": [
                  {
                    "enable_confidential_compute": false,
                    "image": "https://www.googleapis.com/compute/v1/projects/windows-cloud/global/images/windows-server-2022-dc-v20240415",
                    "labels": {},
                    "provisioned_iops": 0,
                    "provisioned_throughput": 0,
                    "resource_manager_tags": null,
                    "size": 50,
                    "type": "pd-standard"
                  }
                ],
                "kms_key_self_link": "",
                "mode": "READ_WRITE",
                "source": "https://www.googleapis.com/compute/v1/projects/terraform-gcp-justjules/zones/asia-northeast1-c/disks/asia-vm"
              }
            ],
            "can_ip_forward": false,
            "confidential_instance_config": [],
            "cpu_platform": "Intel Cascade Lake",
            "current_status": "RUNNING",
            "deletion_protection": false,
            "description": "",
            "desired_status": null,
            "effective_labels": {},
            "enable_display": false,
            "guest_accelerator": [],
            "hostname": "",
            "id": "projects/terraform-gcp-justjules/zones/asia-northeast1-c/instances/asia-vm",
            "instance_id": "2572964702244605134",
            "label_fingerprint": "42WmSpB8rSM=",
            "labels": null,
            "machine_type": "n2-standard-4",
            "metadata": null,
            "metadata_fingerprint": "6C4DfE6RtRg=",
            "metadata_startup_script": null,
            "min_cpu_platform": "",
            "name": "asia-vm",
            "network_interface": [
              {
                "access_config": [
                  {
                    "nat_ip": "34.84.250.35",
                    "network_tier": "PREMIUM",
                    "public_ptr_domain_name": ""
                  }
                ],
                "alias_ip_range": [],
                "internal_ipv6_prefix_length": 0,
                "ipv6_access_config": [],
                "ipv6_access_type": "",
                "ipv6_address": "",
                "name": "nic0",
                "network": "https://www.googleapis.com/compute/v1/projects/terraform-gcp-justjules/global/networks/asia-network",
                "network_ip": "192.168.11.2",
                "nic_type": "",
                "queue_count": 0,
                "stack_type": "IPV4_ONLY",
                "subnetwork": "https://www.googleapis.com/compute/v1/projects/terraform-gcp-justjules/regions/asia-northeast1/subnetworks/asia-subnet",
                "subnetwork_project": "terraform-gcp-justjules"
              }
            ],
            "network_performance_config": [],
            "params": [],
            "project": "terraform-gcp-justjules",
            "reservation_affinity": [],
            "resource_policies": null,
            "scheduling": [
              {
                "automatic_restart": true,
                "instance_termination_action": "",
                "local_ssd_recovery_timeout": [],
                "min_node_cpus": 0,
                "node_affinities": [],
                "on_host_maintenance": "MIGRATE",
                "preemptible": false,
                "provisioning_model": "STANDARD"
              }
            ],
            "scratch_disk": [],
            "self_link": "https://www.googleapis.com/compute/v1/projects/terraform-gcp-justjules/zones/asia-northeast1-c/instances/asia-vm",
            "service_account": [],
            "shielded_instance_config": [
              {
                "enable_integrity_monitoring": true,
                "enable_secure_boot": false,
                "enable_vtpm": true
              }
            ],
            "tags": [
              "asia-rdp-server"
            ],
            "tags_fingerprint": "tldh7GjAEPQ=",
            "terraform_labels": {},
            "timeouts": null,
            "zone": "asia-northeast1-c"
          },
          "sensitive_attributes": [
            [
              {
                "type": "get_attr",
                "value": "boot_disk"
              },
              {
                "type": "index",
                "value": {
                  "value": 0,
                  "type": "number"
                }
              },
              {
                "type": "get_attr",
                "value": "disk_encryption_key_raw"
              }
            ]
          ],
          "private": "eyJlMmJmYjczMC1lY2FhLTExZTYtOGY4OC0zNDM2M2JjN2M0YzAiOnsiY3JlYXRlIjoxMjAwMDAwMDAwMDAwLCJkZWxldGUiOjEyMDAwMDAwMDAwMDAsInVwZGF0ZSI6MTIwMDAwMDAwMDAwMH0sInNjaGVtYV92ZXJzaW9uIjoiNiJ9",
          "dependencies": [
            "module.asia.google_compute_network.asia_network",
            "module.asia.google_compute_subnetwork.asia_subnet"
          ]
        }
      ]
    },
    {
      "module": "module.asia",
      "mode": "managed",
      "type": "google_compute_network",
      "name": "asia_network",
      "provider": "module.asia.provider[\"registry.terraform.io/hashicorp/google\"]",
      "instances": [
        {
          "schema_version": 0,
          "attributes": {
            "auto_create_subnetworks": false,
            "delete_default_routes_on_create": false,
            "description": "",
            "enable_ula_internal_ipv6": false,
            "gateway_ipv4": "",
            "id": "projects/terraform-gcp-justjules/global/networks/asia-network",
            "internal_ipv6_range": "",
            "mtu": 0,
            "name": "asia-network",
            "network_firewall_policy_enforcement_order": "AFTER_CLASSIC_FIREWALL",
            "numeric_id": "3162567380163923743",
            "project": "terraform-gcp-justjules",
            "routing_mode": "REGIONAL",
            "self_link": "https://www.googleapis.com/compute/v1/projects/terraform-gcp-justjules/global/networks/asia-network",
            "timeouts": null
          },
          "sensitive_attributes": [],
          "private": "eyJlMmJmYjczMC1lY2FhLTExZTYtOGY4OC0zNDM2M2JjN2M0YzAiOnsiY3JlYXRlIjoxMjAwMDAwMDAwMDAwLCJkZWxldGUiOjEyMDAwMDAwMDAwMDAsInVwZGF0ZSI6MTIwMDAwMDAwMDAwMH19"
        }
      ]
    },
    {
      "module": "module.asia",
      "mode": "managed",
      "type": "google_compute_subnetwork",
      "name": "asia_subnet",
      "provider": "module.asia.provider[\"registry.terraform.io/hashicorp/google\"]",
      "instances": [
        {
          "schema_version": 0,
          "attributes": {
            "creation_timestamp": "2024-05-15T15:07:03.386-07:00",
            "description": "",
            "external_ipv6_prefix": "",
            "fingerprint": null,
            "gateway_address": "192.168.11.1",
            "id": "projects/terraform-gcp-justjules/regions/asia-northeast1/subnetworks/asia-subnet",
            "internal_ipv6_prefix": "",
            "ip_cidr_range": "192.168.11.0/24",
            "ipv6_access_type": "",
            "ipv6_cidr_range": "",
            "log_config": [],
            "name": "asia-subnet",
            "network": "https://www.googleapis.com/compute/v1/projects/terraform-gcp-justjules/global/networks/asia-network",
            "private_ip_google_access": true,
            "private_ipv6_google_access": "DISABLE_GOOGLE_ACCESS",
            "project": "terraform-gcp-justjules",
            "purpose": "PRIVATE",
            "region": "asia-northeast1",
            "role": "",
            "secondary_ip_range": [],
            "self_link": "https://www.googleapis.com/compute/v1/projects/terraform-gcp-justjules/regions/asia-northeast1/subnetworks/asia-subnet",
            "stack_type": "IPV4_ONLY",
            "timeouts": null
          },
          "sensitive_attributes": [],
          "private": "eyJlMmJmYjczMC1lY2FhLTExZTYtOGY4OC0zNDM2M2JjN2M0YzAiOnsiY3JlYXRlIjoxMjAwMDAwMDAwMDAwLCJkZWxldGUiOjEyMDAwMDAwMDAwMDAsInVwZGF0ZSI6MTIwMDAwMDAwMDAwMH19",
          "dependencies": [
            "module.asia.google_compute_network.asia_network"
          ]
        }
      ]
    },
    {
      "module": "module.asia.module.asia_vpn",
      "mode": "managed",
      "type": "google_compute_address",
      "name": "vpn_ip",
      "provider": "module.asia.provider[\"registry.terraform.io/hashicorp/google\"]",
      "instances": [
        {
          "schema_version": 0,
          "attributes": {
            "address": "34.85.18.154",
            "address_type": "EXTERNAL",
            "creation_timestamp": "2024-05-15T15:06:41.311-07:00",
            "description": "",
            "effective_labels": {},
            "id": "projects/terraform-gcp-justjules/regions/asia-northeast1/addresses/asia-vpn-ip",
            "ip_version": "",
            "ipv6_endpoint_type": "",
            "label_fingerprint": "42WmSpB8rSM=",
            "labels": null,
            "name": "asia-vpn-ip",
            "network": "",
            "network_tier": "PREMIUM",
            "prefix_length": 0,
            "project": "terraform-gcp-justjules",
            "purpose": "",
            "region": "asia-northeast1",
            "self_link": "https://www.googleapis.com/compute/v1/projects/terraform-gcp-justjules/regions/asia-northeast1/addresses/asia-vpn-ip",
            "subnetwork": "",
            "terraform_labels": {},
            "timeouts": null,
            "users": []
          },
          "sensitive_attributes": [],
          "private": "eyJlMmJmYjczMC1lY2FhLTExZTYtOGY4OC0zNDM2M2JjN2M0YzAiOnsiY3JlYXRlIjoxMjAwMDAwMDAwMDAwLCJkZWxldGUiOjEyMDAwMDAwMDAwMDAsInVwZGF0ZSI6MTIwMDAwMDAwMDAwMH19"
        }
      ]
    },
    {
      "module": "module.asia.module.asia_vpn",
      "mode": "managed",
      "type": "google_compute_forwarding_rule",
      "name": "esp",
      "provider": "module.asia.provider[\"registry.terraform.io/hashicorp/google\"]",
      "instances": [
        {
          "schema_version": 0,
          "attributes": {
            "all_ports": false,
            "allow_global_access": false,
            "allow_psc_global_access": false,
            "backend_service": "",
            "base_forwarding_rule": "",
            "creation_timestamp": "2024-05-15T15:07:23.915-07:00",
            "description": "",
            "effective_labels": {},
            "id": "projects/terraform-gcp-justjules/regions/asia-northeast1/forwardingRules/asia-vpn-gateway-esp",
            "ip_address": "34.85.18.154",
            "ip_protocol": "ESP",
            "ip_version": "",
            "is_mirroring_collector": false,
            "label_fingerprint": "42WmSpB8rSM=",
            "labels": null,
            "load_balancing_scheme": "EXTERNAL",
            "name": "asia-vpn-gateway-esp",
            "network": "",
            "network_tier": "PREMIUM",
            "no_automate_dns_zone": null,
            "port_range": "",
            "ports": null,
            "project": "terraform-gcp-justjules",
            "psc_connection_id": "",
            "psc_connection_status": "",
            "recreate_closed_psc": false,
            "region": "asia-northeast1",
            "self_link": "https://www.googleapis.com/compute/v1/projects/terraform-gcp-justjules/regions/asia-northeast1/forwardingRules/asia-vpn-gateway-esp",
            "service_directory_registrations": [],
            "service_label": "",
            "service_name": "",
            "source_ip_ranges": null,
            "subnetwork": "",
            "target": "https://www.googleapis.com/compute/v1/projects/terraform-gcp-justjules/regions/asia-northeast1/targetVpnGateways/asia-vpn-gateway",
            "terraform_labels": {},
            "timeouts": null
          },
          "sensitive_attributes": [],
          "private": "eyJlMmJmYjczMC1lY2FhLTExZTYtOGY4OC0zNDM2M2JjN2M0YzAiOnsiY3JlYXRlIjoxMjAwMDAwMDAwMDAwLCJkZWxldGUiOjEyMDAwMDAwMDAwMDAsInVwZGF0ZSI6MTIwMDAwMDAwMDAwMH19",
          "dependencies": [
            "module.asia.google_compute_network.asia_network",
            "module.asia.module.asia_vpn.google_compute_address.vpn_ip",
            "module.asia.module.asia_vpn.google_compute_vpn_gateway.vpn_gateway"
          ]
        }
      ]
    },
    {
      "module": "module.asia.module.asia_vpn",
      "mode": "managed",
      "type": "google_compute_forwarding_rule",
      "name": "udp4500",
      "provider": "module.asia.provider[\"registry.terraform.io/hashicorp/google\"]",
      "instances": [
        {
          "schema_version": 0,
          "attributes": {
            "all_ports": false,
            "allow_global_access": false,
            "allow_psc_global_access": false,
            "backend_service": "",
            "base_forwarding_rule": "",
            "creation_timestamp": "2024-05-15T15:07:25.519-07:00",
            "description": "",
            "effective_labels": {},
            "id": "projects/terraform-gcp-justjules/regions/asia-northeast1/forwardingRules/asia-vpn-gateway-udp4500",
            "ip_address": "34.85.18.154",
            "ip_protocol": "UDP",
            "ip_version": "",
            "is_mirroring_collector": false,
            "label_fingerprint": "42WmSpB8rSM=",
            "labels": null,
            "load_balancing_scheme": "EXTERNAL",
            "name": "asia-vpn-gateway-udp4500",
            "network": "",
            "network_tier": "PREMIUM",
            "no_automate_dns_zone": null,
            "port_range": "4500-4500",
            "ports": null,
            "project": "terraform-gcp-justjules",
            "psc_connection_id": "",
            "psc_connection_status": "",
            "recreate_closed_psc": false,
            "region": "asia-northeast1",
            "self_link": "https://www.googleapis.com/compute/v1/projects/terraform-gcp-justjules/regions/asia-northeast1/forwardingRules/asia-vpn-gateway-udp4500",
            "service_directory_registrations": [],
            "service_label": "",
            "service_name": "",
            "source_ip_ranges": null,
            "subnetwork": "",
            "target": "https://www.googleapis.com/compute/v1/projects/terraform-gcp-justjules/regions/asia-northeast1/targetVpnGateways/asia-vpn-gateway",
            "terraform_labels": {},
            "timeouts": null
          },
          "sensitive_attributes": [],
          "private": "eyJlMmJmYjczMC1lY2FhLTExZTYtOGY4OC0zNDM2M2JjN2M0YzAiOnsiY3JlYXRlIjoxMjAwMDAwMDAwMDAwLCJkZWxldGUiOjEyMDAwMDAwMDAwMDAsInVwZGF0ZSI6MTIwMDAwMDAwMDAwMH19",
          "dependencies": [
            "module.asia.google_compute_network.asia_network",
            "module.asia.module.asia_vpn.google_compute_address.vpn_ip",
            "module.asia.module.asia_vpn.google_compute_vpn_gateway.vpn_gateway"
          ]
        }
      ]
    },
    {
      "module": "module.asia.module.asia_vpn",
      "mode": "managed",
      "type": "google_compute_forwarding_rule",
      "name": "udp500",
      "provider": "module.asia.provider[\"registry.terraform.io/hashicorp/google\"]",
      "instances": [
        {
          "schema_version": 0,
          "attributes": {
            "all_ports": false,
            "allow_global_access": false,
            "allow_psc_global_access": false,
            "backend_service": "",
            "base_forwarding_rule": "",
            "creation_timestamp": "2024-05-15T15:07:25.220-07:00",
            "description": "",
            "effective_labels": {},
            "id": "projects/terraform-gcp-justjules/regions/asia-northeast1/forwardingRules/asia-vpn-gateway-udp500",
            "ip_address": "34.85.18.154",
            "ip_protocol": "UDP",
            "ip_version": "",
            "is_mirroring_collector": false,
            "label_fingerprint": "42WmSpB8rSM=",
            "labels": null,
            "load_balancing_scheme": "EXTERNAL",
            "name": "asia-vpn-gateway-udp500",
            "network": "",
            "network_tier": "PREMIUM",
            "no_automate_dns_zone": null,
            "port_range": "500-500",
            "ports": null,
            "project": "terraform-gcp-justjules",
            "psc_connection_id": "",
            "psc_connection_status": "",
            "recreate_closed_psc": false,
            "region": "asia-northeast1",
            "self_link": "https://www.googleapis.com/compute/v1/projects/terraform-gcp-justjules/regions/asia-northeast1/forwardingRules/asia-vpn-gateway-udp500",
            "service_directory_registrations": [],
            "service_label": "",
            "service_name": "",
            "source_ip_ranges": null,
            "subnetwork": "",
            "target": "https://www.googleapis.com/compute/v1/projects/terraform-gcp-justjules/regions/asia-northeast1/targetVpnGateways/asia-vpn-gateway",
            "terraform_labels": {},
            "timeouts": null
          },
          "sensitive_attributes": [],
          "private": "eyJlMmJmYjczMC1lY2FhLTExZTYtOGY4OC0zNDM2M2JjN2M0YzAiOnsiY3JlYXRlIjoxMjAwMDAwMDAwMDAwLCJkZWxldGUiOjEyMDAwMDAwMDAwMDAsInVwZGF0ZSI6MTIwMDAwMDAwMDAwMH19",
          "dependencies": [
            "module.asia.google_compute_network.asia_network",
            "module.asia.module.asia_vpn.google_compute_address.vpn_ip",
            "module.asia.module.asia_vpn.google_compute_vpn_gateway.vpn_gateway"
          ]
        }
      ]
    },
    {
      "module": "module.asia.module.asia_vpn",
      "mode": "managed",
      "type": "google_compute_route",
      "name": "vpn_route",
      "provider": "module.asia.provider[\"registry.terraform.io/hashicorp/google\"]",
      "instances": [
        {
          "schema_version": 0,
          "attributes": {
            "description": "",
            "dest_range": "10.150.11.0/24",
            "id": "projects/terraform-gcp-justjules/global/routes/asia-to-europe-route",
            "name": "asia-to-europe-route",
            "network": "https://www.googleapis.com/compute/v1/projects/terraform-gcp-justjules/global/networks/asia-network",
            "next_hop_gateway": "",
            "next_hop_ilb": "",
            "next_hop_instance": "",
            "next_hop_instance_zone": null,
            "next_hop_ip": "",
            "next_hop_network": "",
            "next_hop_vpn_tunnel": "https://www.googleapis.com/compute/v1/projects/terraform-gcp-justjules/regions/asia-northeast1/vpnTunnels/asia-to-europe-tunnel",
            "priority": 1000,
            "project": "terraform-gcp-justjules",
            "self_link": "https://www.googleapis.com/compute/v1/projects/terraform-gcp-justjules/global/routes/asia-to-europe-route",
            "tags": null,
            "timeouts": null
          },
          "sensitive_attributes": [],
          "private": "eyJlMmJmYjczMC1lY2FhLTExZTYtOGY4OC0zNDM2M2JjN2M0YzAiOnsiY3JlYXRlIjoxMjAwMDAwMDAwMDAwLCJkZWxldGUiOjEyMDAwMDAwMDAwMDB9fQ==",
          "dependencies": [
            "data.google_secret_manager_secret_version.vpn_secret",
            "module.asia.google_compute_network.asia_network",
            "module.asia.module.asia_vpn.google_compute_address.vpn_ip",
            "module.asia.module.asia_vpn.google_compute_forwarding_rule.esp",
            "module.asia.module.asia_vpn.google_compute_forwarding_rule.udp4500",
            "module.asia.module.asia_vpn.google_compute_forwarding_rule.udp500",
            "module.asia.module.asia_vpn.google_compute_vpn_gateway.vpn_gateway",
            "module.asia.module.asia_vpn.google_compute_vpn_tunnel.vpn_tunnel",
            "module.europe.module.europe_vpn.google_compute_address.vpn_ip"
          ]
        }
      ]
    },
    {
      "module": "module.asia.module.asia_vpn",
      "mode": "managed",
      "type": "google_compute_vpn_gateway",
      "name": "vpn_gateway",
      "provider": "module.asia.provider[\"registry.terraform.io/hashicorp/google\"]",
      "instances": [
        {
          "schema_version": 0,
          "attributes": {
            "creation_timestamp": "2024-05-15T15:07:03.061-07:00",
            "description": "",
            "gateway_id": 6939781041555541224,
            "id": "projects/terraform-gcp-justjules/regions/asia-northeast1/targetVpnGateways/asia-vpn-gateway",
            "name": "asia-vpn-gateway",
            "network": "https://www.googleapis.com/compute/v1/projects/terraform-gcp-justjules/global/networks/asia-network",
            "project": "terraform-gcp-justjules",
            "region": "asia-northeast1",
            "self_link": "https://www.googleapis.com/compute/v1/projects/terraform-gcp-justjules/regions/asia-northeast1/targetVpnGateways/asia-vpn-gateway",
            "timeouts": null
          },
          "sensitive_attributes": [],
          "private": "eyJlMmJmYjczMC1lY2FhLTExZTYtOGY4OC0zNDM2M2JjN2M0YzAiOnsiY3JlYXRlIjoxMjAwMDAwMDAwMDAwLCJkZWxldGUiOjEyMDAwMDAwMDAwMDB9fQ==",
          "dependencies": [
            "module.asia.google_compute_network.asia_network"
          ]
        }
      ]
    },
    {
      "module": "module.asia.module.asia_vpn",
      "mode": "managed",
      "type": "google_compute_vpn_tunnel",
      "name": "vpn_tunnel",
      "provider": "module.asia.provider[\"registry.terraform.io/hashicorp/google\"]",
      "instances": [
        {
          "schema_version": 0,
          "attributes": {
            "creation_timestamp": "2024-05-15T15:07:38.308-07:00",
            "description": "",
            "detailed_status": "Tunnel is up and running.",
            "effective_labels": {},
            "id": "projects/terraform-gcp-justjules/regions/asia-northeast1/vpnTunnels/asia-to-europe-tunnel",
            "ike_version": 2,
            "label_fingerprint": "42WmSpB8rSM=",
            "labels": null,
            "local_traffic_selector": [
              "192.168.11.0/24"
            ],
            "name": "asia-to-europe-tunnel",
            "peer_external_gateway": "",
            "peer_external_gateway_interface": 0,
            "peer_gcp_gateway": "",
            "peer_ip": "34.76.178.39",
            "project": "terraform-gcp-justjules",
            "region": "asia-northeast1",
            "remote_traffic_selector": [
              "10.150.11.0/24"
            ],
            "router": "",
            "self_link": "https://www.googleapis.com/compute/v1/projects/terraform-gcp-justjules/regions/asia-northeast1/vpnTunnels/asia-to-europe-tunnel",
            
            "shared_secret_hash": "IhwdngK7ENHh5G7DjoUaBrVl0gWV",
            "target_vpn_gateway": "https://www.googleapis.com/compute/v1/projects/terraform-gcp-justjules/regions/asia-northeast1/targetVpnGateways/asia-vpn-gateway",
            "terraform_labels": {},
            "timeouts": null,
            "tunnel_id": "9052172165342334149",
            "vpn_gateway": "",
            "vpn_gateway_interface": 0
          },
          "sensitive_attributes": [
            [
              {
                "type": "get_attr",
                "value": "shared_secret"
              }
            ]
          ],
          "private": "eyJlMmJmYjczMC1lY2FhLTExZTYtOGY4OC0zNDM2M2JjN2M0YzAiOnsiY3JlYXRlIjoxMjAwMDAwMDAwMDAwLCJkZWxldGUiOjEyMDAwMDAwMDAwMDAsInVwZGF0ZSI6MTIwMDAwMDAwMDAwMH19",
          "dependencies": [
            "data.google_secret_manager_secret_version.vpn_secret",
            "module.asia.google_compute_network.asia_network",
            "module.asia.module.asia_vpn.google_compute_address.vpn_ip",
            "module.asia.module.asia_vpn.google_compute_forwarding_rule.esp",
            "module.asia.module.asia_vpn.google_compute_forwarding_rule.udp4500",
            "module.asia.module.asia_vpn.google_compute_forwarding_rule.udp500",
            "module.asia.module.asia_vpn.google_compute_vpn_gateway.vpn_gateway",
            "module.europe.module.europe_vpn.google_compute_address.vpn_ip"
          ]
        }
      ]
    },
    {
      "module": "module.europe",
      "mode": "managed",
      "type": "google_compute_backend_bucket",
      "name": "gcs_backend",
      "provider": "module.europe.provider[\"registry.terraform.io/hashicorp/google\"]",
      "instances": [
        {
          "schema_version": 0,
          "attributes": {
            "bucket_name": "european-web-bucket",
            "cdn_policy": [
              {
                "bypass_cache_on_request_headers": [],
                "cache_key_policy": [],
                "cache_mode": "CACHE_ALL_STATIC",
                "client_ttl": 3600,
                "default_ttl": 3600,
                "max_ttl": 86400,
                "negative_caching": true,
                "negative_caching_policy": [],
                "request_coalescing": true,
                "serve_while_stale": 86400,
                "signed_url_cache_max_age_sec": 0
              }
            ],
            "compression_mode": "",
            "creation_timestamp": "2024-05-15T15:06:43.307-07:00",
            "custom_response_headers": null,
            "description": "",
            "edge_security_policy": "",
            "enable_cdn": true,
            "id": "projects/terraform-gcp-justjules/global/backendBuckets/europe-static-content",
            "name": "europe-static-content",
            "project": "terraform-gcp-justjules",
            "self_link": "https://www.googleapis.com/compute/v1/projects/terraform-gcp-justjules/global/backendBuckets/europe-static-content",
            "timeouts": null
          },
          "sensitive_attributes": [],
          "private": "eyJlMmJmYjczMC1lY2FhLTExZTYtOGY4OC0zNDM2M2JjN2M0YzAiOnsiY3JlYXRlIjoxMjAwMDAwMDAwMDAwLCJkZWxldGUiOjEyMDAwMDAwMDAwMDAsInVwZGF0ZSI6MTIwMDAwMDAwMDAwMH19",
          "dependencies": [
            "module.europe.google_storage_bucket.web_bucket"
          ]
        }
      ]
    },
    {
      "module": "module.europe",
      "mode": "managed",
      "type": "google_compute_firewall",
      "name": "europe_http",
      "provider": "module.europe.provider[\"registry.terraform.io/hashicorp/google\"]",
      "instances": [
        {
          "schema_version": 1,
          "attributes": {
            "allow": [
              {
                "ports": [
                  "80"
                ],
                "protocol": "tcp"
              }
            ],
            "creation_timestamp": "2024-05-15T15:07:02.285-07:00",
            "deny": [],
            "description": "",
            "destination_ranges": [],
            "direction": "INGRESS",
            "disabled": false,
            "enable_logging": null,
            "id": "projects/terraform-gcp-justjules/global/firewalls/europe-http",
            "log_config": [],
            "name": "europe-http",
            "network": "https://www.googleapis.com/compute/v1/projects/terraform-gcp-justjules/global/networks/europe-network",
            "priority": 1000,
            "project": "terraform-gcp-justjules",
            "self_link": "https://www.googleapis.com/compute/v1/projects/terraform-gcp-justjules/global/firewalls/europe-http",
            "source_ranges": [
              "10.150.11.0/24",
              "172.16.20.0/24",
              "172.16.21.0/24",
              "192.168.11.0/24"
            ],
            "source_service_accounts": null,
            "source_tags": null,
            "target_service_accounts": null,
            "target_tags": [
              "europe-http-server"
            ],
            "timeouts": null
          },
          "sensitive_attributes": [],
          "private": "eyJlMmJmYjczMC1lY2FhLTExZTYtOGY4OC0zNDM2M2JjN2M0YzAiOnsiY3JlYXRlIjoxMjAwMDAwMDAwMDAwLCJkZWxldGUiOjEyMDAwMDAwMDAwMDAsInVwZGF0ZSI6MTIwMDAwMDAwMDAwMH0sInNjaGVtYV92ZXJzaW9uIjoiMSJ9",
          "dependencies": [
            "module.europe.google_compute_network.europe_network"
          ]
        }
      ]
    },
    {
      "module": "module.europe",
      "mode": "managed",
      "type": "google_compute_global_forwarding_rule",
      "name": "default",
      "provider": "module.europe.provider[\"registry.terraform.io/hashicorp/google\"]",
      "instances": [
        {
          "schema_version": 0,
          "attributes": {
            "base_forwarding_rule": "",
            "description": "",
            "effective_labels": {},
            "id": "projects/terraform-gcp-justjules/global/forwardingRules/http-content-rule",
            "ip_address": "34.36.166.245",
            "ip_protocol": "TCP",
            "ip_version": "",
            "label_fingerprint": "42WmSpB8rSM=",
            "labels": null,
            "load_balancing_scheme": "EXTERNAL",
            "metadata_filters": [],
            "name": "http-content-rule",
            "network": "",
            "no_automate_dns_zone": null,
            "port_range": "80-80",
            "project": "terraform-gcp-justjules",
            "psc_connection_id": "",
            "psc_connection_status": "",
            "self_link": "https://www.googleapis.com/compute/v1/projects/terraform-gcp-justjules/global/forwardingRules/http-content-rule",
            "service_directory_registrations": [],
            "source_ip_ranges": null,
            "subnetwork": "",
            "target": "https://www.googleapis.com/compute/v1/projects/terraform-gcp-justjules/global/targetHttpProxies/http-lb-proxy",
            "terraform_labels": {},
            "timeouts": null
          },
          "sensitive_attributes": [],
          "private": "eyJlMmJmYjczMC1lY2FhLTExZTYtOGY4OC0zNDM2M2JjN2M0YzAiOnsiY3JlYXRlIjoxMjAwMDAwMDAwMDAwLCJkZWxldGUiOjEyMDAwMDAwMDAwMDAsInVwZGF0ZSI6MTIwMDAwMDAwMDAwMH19",
          "dependencies": [
            "module.europe.google_compute_backend_bucket.gcs_backend",
            "module.europe.google_compute_target_http_proxy.http_proxy",
            "module.europe.google_compute_url_map.url_map",
            "module.europe.google_storage_bucket.web_bucket"
          ]
        }
      ]
    },
    {
      "module": "module.europe",
      "mode": "managed",
      "type": "google_compute_global_forwarding_rule",
      "name": "default_with_armor",
      "provider": "module.europe.provider[\"registry.terraform.io/hashicorp/google\"]",
      "instances": [
        {
          "schema_version": 0,
          "attributes": {
            "base_forwarding_rule": "",
            "description": "",
            "effective_labels": {},
            "id": "projects/terraform-gcp-justjules/global/forwardingRules/http-content-rule-armor",
            "ip_address": "34.49.4.39",
            "ip_protocol": "TCP",
            "ip_version": "",
            "label_fingerprint": "42WmSpB8rSM=",
            "labels": null,
            "load_balancing_scheme": "EXTERNAL",
            "metadata_filters": [],
            "name": "http-content-rule-armor",
            "network": "",
            "no_automate_dns_zone": null,
            "port_range": "80-80",
            "project": "terraform-gcp-justjules",
            "psc_connection_id": "",
            "psc_connection_status": "",
            "self_link": "https://www.googleapis.com/compute/v1/projects/terraform-gcp-justjules/global/forwardingRules/http-content-rule-armor",
            "service_directory_registrations": [],
            "source_ip_ranges": null,
            "subnetwork": "",
            "target": "https://www.googleapis.com/compute/v1/projects/terraform-gcp-justjules/global/targetHttpProxies/http-lb-proxy-armor",
            "terraform_labels": {},
            "timeouts": null
          },
          "sensitive_attributes": [],
          "private": "eyJlMmJmYjczMC1lY2FhLTExZTYtOGY4OC0zNDM2M2JjN2M0YzAiOnsiY3JlYXRlIjoxMjAwMDAwMDAwMDAwLCJkZWxldGUiOjEyMDAwMDAwMDAwMDAsInVwZGF0ZSI6MTIwMDAwMDAwMDAwMH19",
          "dependencies": [
            "module.europe.google_compute_backend_bucket.gcs_backend",
            "module.europe.google_compute_target_http_proxy.http_proxy_with_armor",
            "module.europe.google_compute_url_map.url_map",
            "module.europe.google_storage_bucket.web_bucket"
          ]
        }
      ]
    },
    {
      "module": "module.europe",
      "mode": "managed",
      "type": "google_compute_instance",
      "name": "europe_vm",
      "provider": "module.europe.provider[\"registry.terraform.io/hashicorp/google\"]",
      "instances": [
        {
          "schema_version": 6,
          "attributes": {
            "advanced_machine_features": [],
            "allow_stopping_for_update": null,
            "attached_disk": [],
            "boot_disk": [
              {
                "auto_delete": true,
                "device_name": "persistent-disk-0",
                "disk_encryption_key_raw": "",
                "disk_encryption_key_sha256": "",
                "initialize_params": [
                  {
                    "enable_confidential_compute": false,
                    "image": "https://www.googleapis.com/compute/v1/projects/debian-cloud/global/images/debian-11-bullseye-v20240515",
                    "labels": {},
                    "provisioned_iops": 0,
                    "provisioned_throughput": 0,
                    "resource_manager_tags": null,
                    "size": 10,
                    "type": "pd-standard"
                  }
                ],
                "kms_key_self_link": "",
                "mode": "READ_WRITE",
                "source": "https://www.googleapis.com/compute/v1/projects/terraform-gcp-justjules/zones/europe-west1-b/disks/europe-vm"
              }
            ],
            "can_ip_forward": false,
            "confidential_instance_config": [],
            "cpu_platform": "Intel Broadwell",
            "current_status": "RUNNING",
            "deletion_protection": false,
            "description": "",
            "desired_status": null,
            "effective_labels": {},
            "enable_display": false,
            "guest_accelerator": [],
            "hostname": "",
            "id": "projects/terraform-gcp-justjules/zones/europe-west1-b/instances/europe-vm",
            "instance_id": "2224724746680438000",
            "label_fingerprint": "42WmSpB8rSM=",
            "labels": null,
            "machine_type": "e2-medium",
            "metadata": {
              "startup-script": "#Thanks to Remo\n#!/bin/bash\n# Update and install Apache2\napt update\napt install -y apache2\n\n# Start and enable Apache2\nsystemctl start apache2\nsystemctl enable apache2\n\n# GCP Metadata server base URL and header\nMETADATA_URL=\"http://metadata.google.internal/computeMetadata/v1\"\nMETADATA_FLAVOR_HEADER=\"Metadata-Flavor: Google\"\n\n# Use curl to fetch instance metadata\nlocal_ipv4=$(curl -H \"${METADATA_FLAVOR_HEADER}\" -s \"${METADATA_URL}/instance/network-interfaces/0/ip\")\nzone=$(curl -H \"${METADATA_FLAVOR_HEADER}\" -s \"${METADATA_URL}/instance/zone\")\nproject_id=$(curl -H \"${METADATA_FLAVOR_HEADER}\" -s \"${METADATA_URL}/project/project-id\")\nnetwork_tags=$(curl -H \"${METADATA_FLAVOR_HEADER}\" -s \"${METADATA_URL}/instance/tags\")\n\n# Create a simple HTML page and include instance details\ncat \u003c\u003cEOF \u003e /var/www/html/index.html\n\u003chtml\u003e\u003cbody\u003e\n\u003ch2\u003eWelcome to your custom website.\u003c/h2\u003e\n\u003ch3\u003eCreated with a direct input startup script!\u003c/h3\u003e\n\u003cp\u003e\u003cb\u003eInstance Name:\u003c/b\u003e $(hostname -f)\u003c/p\u003e\n\u003cp\u003e\u003cb\u003eInstance Private IP Address: \u003c/b\u003e $local_ipv4\u003c/p\u003e\n\u003cp\u003e\u003cb\u003eZone: \u003c/b\u003e $zone\u003c/p\u003e\n\u003cp\u003e\u003cb\u003eProject ID:\u003c/b\u003e $project_id\u003c/p\u003e\n\u003cp\u003e\u003cb\u003eNetwork Tags:\u003c/b\u003e $network_tags\u003c/p\u003e\n\u003c/body\u003e\u003c/html\u003e\nEOF"
            },
            "metadata_fingerprint": "qalePR0jtvI=",
            "metadata_startup_script": null,
            "min_cpu_platform": "",
            "name": "europe-vm",
            "network_interface": [
              {
                "access_config": [
                  {
                    "nat_ip": "34.38.22.3",
                    "network_tier": "PREMIUM",
                    "public_ptr_domain_name": ""
                  }
                ],
                "alias_ip_range": [],
                "internal_ipv6_prefix_length": 0,
                "ipv6_access_config": [],
                "ipv6_access_type": "",
                "ipv6_address": "",
                "name": "nic0",
                "network": "https://www.googleapis.com/compute/v1/projects/terraform-gcp-justjules/global/networks/europe-network",
                "network_ip": "10.150.11.2",
                "nic_type": "",
                "queue_count": 0,
                "stack_type": "IPV4_ONLY",
                "subnetwork": "https://www.googleapis.com/compute/v1/projects/terraform-gcp-justjules/regions/europe-west1/subnetworks/europe-subnet",
                "subnetwork_project": "terraform-gcp-justjules"
              }
            ],
            "network_performance_config": [],
            "params": [],
            "project": "terraform-gcp-justjules",
            "reservation_affinity": [],
            "resource_policies": null,
            "scheduling": [
              {
                "automatic_restart": true,
                "instance_termination_action": "",
                "local_ssd_recovery_timeout": [],
                "min_node_cpus": 0,
                "node_affinities": [],
                "on_host_maintenance": "MIGRATE",
                "preemptible": false,
                "provisioning_model": "STANDARD"
              }
            ],
            "scratch_disk": [],
            "self_link": "https://www.googleapis.com/compute/v1/projects/terraform-gcp-justjules/zones/europe-west1-b/instances/europe-vm",
            "service_account": [
              {
                "email": "27955412352-compute@developer.gserviceaccount.com",
                "scopes": [
                  "https://www.googleapis.com/auth/cloud-platform"
                ]
              }
            ],
            "shielded_instance_config": [
              {
                "enable_integrity_monitoring": true,
                "enable_secure_boot": false,
                "enable_vtpm": true
              }
            ],
            "tags": [
              "europe-http-server"
            ],
            "tags_fingerprint": "HHBwzP6bCdo=",
            "terraform_labels": {},
            "timeouts": null,
            "zone": "europe-west1-b"
          },
          "sensitive_attributes": [
            [
              {
                "type": "get_attr",
                "value": "boot_disk"
              },
              {
                "type": "index",
                "value": {
                  "value": 0,
                  "type": "number"
                }
              },
              {
                "type": "get_attr",
                "value": "disk_encryption_key_raw"
              }
            ]
          ],
          "private": "eyJlMmJmYjczMC1lY2FhLTExZTYtOGY4OC0zNDM2M2JjN2M0YzAiOnsiY3JlYXRlIjoxMjAwMDAwMDAwMDAwLCJkZWxldGUiOjEyMDAwMDAwMDAwMDAsInVwZGF0ZSI6MTIwMDAwMDAwMDAwMH0sInNjaGVtYV92ZXJzaW9uIjoiNiJ9",
          "dependencies": [
            "module.europe.google_compute_network.europe_network",
            "module.europe.google_compute_subnetwork.europe_subnet"
          ]
        }
      ]
    },
    {
      "module": "module.europe",
      "mode": "managed",
      "type": "google_compute_network",
      "name": "europe_network",
      "provider": "module.europe.provider[\"registry.terraform.io/hashicorp/google\"]",
      "instances": [
        {
          "schema_version": 0,
          "attributes": {
            "auto_create_subnetworks": false,
            "delete_default_routes_on_create": false,
            "description": "",
            "enable_ula_internal_ipv6": false,
            "gateway_ipv4": "",
            "id": "projects/terraform-gcp-justjules/global/networks/europe-network",
            "internal_ipv6_range": "",
            "mtu": 0,
            "name": "europe-network",
            "network_firewall_policy_enforcement_order": "AFTER_CLASSIC_FIREWALL",
            "numeric_id": "6807428484708208415",
            "project": "terraform-gcp-justjules",
            "routing_mode": "REGIONAL",
            "self_link": "https://www.googleapis.com/compute/v1/projects/terraform-gcp-justjules/global/networks/europe-network",
            "timeouts": null
          },
          "sensitive_attributes": [],
          "private": "eyJlMmJmYjczMC1lY2FhLTExZTYtOGY4OC0zNDM2M2JjN2M0YzAiOnsiY3JlYXRlIjoxMjAwMDAwMDAwMDAwLCJkZWxldGUiOjEyMDAwMDAwMDAwMDAsInVwZGF0ZSI6MTIwMDAwMDAwMDAwMH19"
        }
      ]
    },
    {
      "module": "module.europe",
      "mode": "managed",
      "type": "google_compute_security_policy",
      "name": "allow_us_only",
      "provider": "module.europe.provider[\"registry.terraform.io/hashicorp/google\"]",
      "instances": [
        {
          "schema_version": 0,
          "attributes": {
            "adaptive_protection_config": [],
            "advanced_options_config": [],
            "description": "",
            "fingerprint": "1jPj5Aq6VCA=",
            "id": "projects/terraform-gcp-justjules/global/securityPolicies/allow-us-only-policy",
            "name": "allow-us-only-policy",
            "project": "terraform-gcp-justjules",
            "recaptcha_options_config": [],
            "rule": [
              {
                "action": "allow",
                "description": "Allow traffic from specific American IP ranges",
                "header_action": [],
                "match": [
                  {
                    "config": [
                      {
                        "src_ip_ranges": [
                          "172.16.0.0/24",
                          "172.16.1.0/24",
                          "74.110.146.239"
                        ]
                      }
                    ],
                    "expr": [],
                    "versioned_expr": "SRC_IPS_V1"
                  }
                ],
                "preview": false,
                "priority": 1000,
                "rate_limit_options": [],
                "redirect_options": []
              },
              {
                "action": "deny",
                "description": "Default rule that denies all other traffic",
                "header_action": [],
                "match": [
                  {
                    "config": [
                      {
                        "src_ip_ranges": [
                          "*"
                        ]
                      }
                    ],
                    "expr": [],
                    "versioned_expr": "SRC_IPS_V1"
                  }
                ],
                "preview": false,
                "priority": 2147483647,
                "rate_limit_options": [],
                "redirect_options": []
              }
            ],
            "self_link": "https://www.googleapis.com/compute/v1/projects/terraform-gcp-justjules/global/securityPolicies/allow-us-only-policy",
            "timeouts": null,
            "type": "CLOUD_ARMOR"
          },
          "sensitive_attributes": [],
          "private": "eyJlMmJmYjczMC1lY2FhLTExZTYtOGY4OC0zNDM2M2JjN2M0YzAiOnsiY3JlYXRlIjoxMjAwMDAwMDAwMDAwLCJkZWxldGUiOjEyMDAwMDAwMDAwMDAsInVwZGF0ZSI6MTIwMDAwMDAwMDAwMH19"
        }
      ]
    },
    {
      "module": "module.europe",
      "mode": "managed",
      "type": "google_compute_subnetwork",
      "name": "europe_subnet",
      "provider": "module.europe.provider[\"registry.terraform.io/hashicorp/google\"]",
      "instances": [
        {
          "schema_version": 0,
          "attributes": {
            "creation_timestamp": "2024-05-15T15:07:03.055-07:00",
            "description": "",
            "external_ipv6_prefix": "",
            "fingerprint": null,
            "gateway_address": "10.150.11.1",
            "id": "projects/terraform-gcp-justjules/regions/europe-west1/subnetworks/europe-subnet",
            "internal_ipv6_prefix": "",
            "ip_cidr_range": "10.150.11.0/24",
            "ipv6_access_type": "",
            "ipv6_cidr_range": "",
            "log_config": [],
            "name": "europe-subnet",
            "network": "https://www.googleapis.com/compute/v1/projects/terraform-gcp-justjules/global/networks/europe-network",
            "private_ip_google_access": true,
            "private_ipv6_google_access": "DISABLE_GOOGLE_ACCESS",
            "project": "terraform-gcp-justjules",
            "purpose": "PRIVATE",
            "region": "europe-west1",
            "role": "",
            "secondary_ip_range": [],
            "self_link": "https://www.googleapis.com/compute/v1/projects/terraform-gcp-justjules/regions/europe-west1/subnetworks/europe-subnet",
            "stack_type": "IPV4_ONLY",
            "timeouts": null
          },
          "sensitive_attributes": [],
          "private": "eyJlMmJmYjczMC1lY2FhLTExZTYtOGY4OC0zNDM2M2JjN2M0YzAiOnsiY3JlYXRlIjoxMjAwMDAwMDAwMDAwLCJkZWxldGUiOjEyMDAwMDAwMDAwMDAsInVwZGF0ZSI6MTIwMDAwMDAwMDAwMH19",
          "dependencies": [
            "module.europe.google_compute_network.europe_network"
          ]
        }
      ]
    },
    {
      "module": "module.europe",
      "mode": "managed",
      "type": "google_compute_target_http_proxy",
      "name": "http_proxy",
      "provider": "module.europe.provider[\"registry.terraform.io/hashicorp/google\"]",
      "instances": [
        {
          "schema_version": 0,
          "attributes": {
            "creation_timestamp": "2024-05-15T15:07:05.798-07:00",
            "description": "",
            "http_keep_alive_timeout_sec": 0,
            "id": "projects/terraform-gcp-justjules/global/targetHttpProxies/http-lb-proxy",
            "name": "http-lb-proxy",
            "project": "terraform-gcp-justjules",
            "proxy_bind": false,
            "proxy_id": 5036323158842969318,
            "self_link": "https://www.googleapis.com/compute/v1/projects/terraform-gcp-justjules/global/targetHttpProxies/http-lb-proxy",
            "timeouts": null,
            "url_map": "https://www.googleapis.com/compute/v1/projects/terraform-gcp-justjules/global/urlMaps/web-map"
          },
          "sensitive_attributes": [],
          "private": "eyJlMmJmYjczMC1lY2FhLTExZTYtOGY4OC0zNDM2M2JjN2M0YzAiOnsiY3JlYXRlIjoxMjAwMDAwMDAwMDAwLCJkZWxldGUiOjEyMDAwMDAwMDAwMDAsInVwZGF0ZSI6MTIwMDAwMDAwMDAwMH19",
          "dependencies": [
            "module.europe.google_compute_backend_bucket.gcs_backend",
            "module.europe.google_compute_url_map.url_map",
            "module.europe.google_storage_bucket.web_bucket"
          ]
        }
      ]
    },
    {
      "module": "module.europe",
      "mode": "managed",
      "type": "google_compute_target_http_proxy",
      "name": "http_proxy_with_armor",
      "provider": "module.europe.provider[\"registry.terraform.io/hashicorp/google\"]",
      "instances": [
        {
          "schema_version": 0,
          "attributes": {
            "creation_timestamp": "2024-05-15T15:07:13.539-07:00",
            "description": "",
            "http_keep_alive_timeout_sec": 0,
            "id": "projects/terraform-gcp-justjules/global/targetHttpProxies/http-lb-proxy-armor",
            "name": "http-lb-proxy-armor",
            "project": "terraform-gcp-justjules",
            "proxy_bind": false,
            "proxy_id": 3015691803722026238,
            "self_link": "https://www.googleapis.com/compute/v1/projects/terraform-gcp-justjules/global/targetHttpProxies/http-lb-proxy-armor",
            "timeouts": null,
            "url_map": "https://www.googleapis.com/compute/v1/projects/terraform-gcp-justjules/global/urlMaps/web-map"
          },
          "sensitive_attributes": [],
          "private": "eyJlMmJmYjczMC1lY2FhLTExZTYtOGY4OC0zNDM2M2JjN2M0YzAiOnsiY3JlYXRlIjoxMjAwMDAwMDAwMDAwLCJkZWxldGUiOjEyMDAwMDAwMDAwMDAsInVwZGF0ZSI6MTIwMDAwMDAwMDAwMH19",
          "dependencies": [
            "module.europe.google_compute_backend_bucket.gcs_backend",
            "module.europe.google_compute_url_map.url_map",
            "module.europe.google_storage_bucket.web_bucket"
          ]
        }
      ]
    },
    {
      "module": "module.europe",
      "mode": "managed",
      "type": "google_compute_url_map",
      "name": "url_map",
      "provider": "module.europe.provider[\"registry.terraform.io/hashicorp/google\"]",
      "instances": [
        {
          "schema_version": 0,
          "attributes": {
            "creation_timestamp": "2024-05-15T15:06:54.590-07:00",
            "default_route_action": [],
            "default_service": "https://www.googleapis.com/compute/v1/projects/terraform-gcp-justjules/global/backendBuckets/europe-static-content",
            "default_url_redirect": [],
            "description": "",
            "fingerprint": "bSnSNeK2q00=",
            "header_action": [],
            "host_rule": [],
            "id": "projects/terraform-gcp-justjules/global/urlMaps/web-map",
            "map_id": 7431540846893764369,
            "name": "web-map",
            "path_matcher": [],
            "project": "terraform-gcp-justjules",
            "self_link": "https://www.googleapis.com/compute/v1/projects/terraform-gcp-justjules/global/urlMaps/web-map",
            "test": [],
            "timeouts": null
          },
          "sensitive_attributes": [],
          "private": "eyJlMmJmYjczMC1lY2FhLTExZTYtOGY4OC0zNDM2M2JjN2M0YzAiOnsiY3JlYXRlIjoxMjAwMDAwMDAwMDAwLCJkZWxldGUiOjEyMDAwMDAwMDAwMDAsInVwZGF0ZSI6MTIwMDAwMDAwMDAwMH19",
          "dependencies": [
            "module.europe.google_compute_backend_bucket.gcs_backend",
            "module.europe.google_storage_bucket.web_bucket"
          ]
        }
      ]
    },
    {
      "module": "module.europe",
      "mode": "managed",
      "type": "google_storage_bucket",
      "name": "web_bucket",
      "provider": "module.europe.provider[\"registry.terraform.io/hashicorp/google\"]",
      "instances": [
        {
          "schema_version": 1,
          "attributes": {
            "autoclass": [],
            "cors": [],
            "custom_placement_config": [],
            "default_event_based_hold": false,
            "effective_labels": {},
            "enable_object_retention": false,
            "encryption": [],
            "force_destroy": true,
            "id": "european-web-bucket",
            "labels": null,
            "lifecycle_rule": [],
            "location": "EUROPE-WEST1",
            "logging": [],
            "name": "european-web-bucket",
            "project": "terraform-gcp-justjules",
            "project_number": 27955412352,
            "public_access_prevention": "inherited",
            "requester_pays": false,
            "retention_policy": [],
            "rpo": null,
            "self_link": "https://www.googleapis.com/storage/v1/b/european-web-bucket",
            "soft_delete_policy": [
              {
                "effective_time": "2024-05-15T22:06:41.794Z",
                "retention_duration_seconds": 604800
              }
            ],
            "storage_class": "STANDARD",
            "terraform_labels": {},
            "timeouts": null,
            "uniform_bucket_level_access": false,
            "url": "gs://european-web-bucket",
            "versioning": [],
            "website": [
              {
                "main_page_suffix": "index.html",
                "not_found_page": "404.html"
              }
            ]
          },
          "sensitive_attributes": [],
          "private": "eyJlMmJmYjczMC1lY2FhLTExZTYtOGY4OC0zNDM2M2JjN2M0YzAiOnsiY3JlYXRlIjo2MDAwMDAwMDAwMDAsInJlYWQiOjI0MDAwMDAwMDAwMCwidXBkYXRlIjoyNDAwMDAwMDAwMDB9LCJzY2hlbWFfdmVyc2lvbiI6IjEifQ=="
        }
      ]
    },
    {
      "module": "module.europe",
      "mode": "managed",
      "type": "google_storage_bucket_object",
      "name": "image1",
      "provider": "module.europe.provider[\"registry.terraform.io/hashicorp/google\"]",
      "instances": [
        {
          "schema_version": 0,
          "attributes": {
            "bucket": "european-web-bucket",
            "cache_control": "",
            "content": null,
            "content_disposition": "",
            "content_encoding": "",
            "content_language": "",
            "content_type": "image/png",
            "crc32c": "BhpzLw==",
            "customer_encryption": [],
            "detect_md5hash": "XN36LGdpWj9gs8MyVH/Tog==",
            "event_based_hold": false,
            "id": "european-web-bucket-JandK.png",
            "kms_key_name": "",
            "md5hash": "XN36LGdpWj9gs8MyVH/Tog==",
            "media_link": "https://storage.googleapis.com/download/storage/v1/b/european-web-bucket/o/JandK.png?generation=1715810803311319\u0026alt=media",
            "metadata": null,
            "name": "JandK.png",
            "output_name": "JandK.png",
            "retention": [],
            "self_link": "https://www.googleapis.com/storage/v1/b/european-web-bucket/o/JandK.png",
            "source": "JandK.png",
            "storage_class": "STANDARD",
            "temporary_hold": false,
            "timeouts": null
          },
          "sensitive_attributes": [
            [
              {
                "type": "get_attr",
                "value": "content"
              }
            ]
          ],
          "private": "eyJlMmJmYjczMC1lY2FhLTExZTYtOGY4OC0zNDM2M2JjN2M0YzAiOnsiY3JlYXRlIjoyNDAwMDAwMDAwMDAsImRlbGV0ZSI6MjQwMDAwMDAwMDAwLCJ1cGRhdGUiOjI0MDAwMDAwMDAwMH19",
          "dependencies": [
            "module.europe.google_storage_bucket.web_bucket"
          ]
        }
      ]
    },
    {
      "module": "module.europe",
      "mode": "managed",
      "type": "google_storage_bucket_object",
      "name": "image2",
      "provider": "module.europe.provider[\"registry.terraform.io/hashicorp/google\"]",
      "instances": [
        {
          "schema_version": 0,
          "attributes": {
            "bucket": "european-web-bucket",
            "cache_control": "",
            "content": null,
            "content_disposition": "",
            "content_encoding": "",
            "content_language": "",
            "content_type": "image/jpeg",
            "crc32c": "5XQLYw==",
            "customer_encryption": [],
            "detect_md5hash": "CAzUuMY4PPM4sQftkO/kxQ==",
            "event_based_hold": false,
            "id": "european-web-bucket-JandN.jpg",
            "kms_key_name": "",
            "md5hash": "CAzUuMY4PPM4sQftkO/kxQ==",
            "media_link": "https://storage.googleapis.com/download/storage/v1/b/european-web-bucket/o/JandN.jpg?generation=1715810804010177\u0026alt=media",
            "metadata": null,
            "name": "JandN.jpg",
            "output_name": "JandN.jpg",
            "retention": [],
            "self_link": "https://www.googleapis.com/storage/v1/b/european-web-bucket/o/JandN.jpg",
            "source": "JandN.jpg",
            "storage_class": "STANDARD",
            "temporary_hold": false,
            "timeouts": null
          },
          "sensitive_attributes": [
            [
              {
                "type": "get_attr",
                "value": "content"
              }
            ]
          ],
          "private": "eyJlMmJmYjczMC1lY2FhLTExZTYtOGY4OC0zNDM2M2JjN2M0YzAiOnsiY3JlYXRlIjoyNDAwMDAwMDAwMDAsImRlbGV0ZSI6MjQwMDAwMDAwMDAwLCJ1cGRhdGUiOjI0MDAwMDAwMDAwMH19",
          "dependencies": [
            "module.europe.google_storage_bucket.web_bucket"
          ]
        }
      ]
    },
    {
      "module": "module.europe",
      "mode": "managed",
      "type": "google_storage_bucket_object",
      "name": "index_html",
      "provider": "module.europe.provider[\"registry.terraform.io/hashicorp/google\"]",
      "instances": [
        {
          "schema_version": 0,
          "attributes": {
            "bucket": "european-web-bucket",
            "cache_control": "",
            "content": null,
            "content_disposition": "",
            "content_encoding": "",
            "content_language": "",
            "content_type": "text/html",
            "crc32c": "KUf/nA==",
            "customer_encryption": [],
            "detect_md5hash": "T6+K2UA+jlcKG7x6iTWJBA==",
            "event_based_hold": false,
            "id": "european-web-bucket-index.html",
            "kms_key_name": "",
            "md5hash": "T6+K2UA+jlcKG7x6iTWJBA==",
            "media_link": "https://storage.googleapis.com/download/storage/v1/b/european-web-bucket/o/index.html?generation=1715810803210010\u0026alt=media",
            "metadata": null,
            "name": "index.html",
            "output_name": "index.html",
            "retention": [],
            "self_link": "https://www.googleapis.com/storage/v1/b/european-web-bucket/o/index.html",
            "source": "index.html",
            "storage_class": "STANDARD",
            "temporary_hold": false,
            "timeouts": null
          },
          "sensitive_attributes": [
            [
              {
                "type": "get_attr",
                "value": "content"
              }
            ]
          ],
          "private": "eyJlMmJmYjczMC1lY2FhLTExZTYtOGY4OC0zNDM2M2JjN2M0YzAiOnsiY3JlYXRlIjoyNDAwMDAwMDAwMDAsImRlbGV0ZSI6MjQwMDAwMDAwMDAwLCJ1cGRhdGUiOjI0MDAwMDAwMDAwMH19",
          "dependencies": [
            "module.europe.google_storage_bucket.web_bucket"
          ]
        }
      ]
    },
    {
      "module": "module.europe.module.europe_vpn",
      "mode": "managed",
      "type": "google_compute_address",
      "name": "vpn_ip",
      "provider": "module.europe.provider[\"registry.terraform.io/hashicorp/google\"]",
      "instances": [
        {
          "schema_version": 0,
          "attributes": {
            "address": "34.76.178.39",
            "address_type": "EXTERNAL",
            "creation_timestamp": "2024-05-15T15:06:40.954-07:00",
            "description": "",
            "effective_labels": {},
            "id": "projects/terraform-gcp-justjules/regions/europe-west1/addresses/europe-vpn-ip",
            "ip_version": "",
            "ipv6_endpoint_type": "",
            "label_fingerprint": "42WmSpB8rSM=",
            "labels": null,
            "name": "europe-vpn-ip",
            "network": "",
            "network_tier": "PREMIUM",
            "prefix_length": 0,
            "project": "terraform-gcp-justjules",
            "purpose": "",
            "region": "europe-west1",
            "self_link": "https://www.googleapis.com/compute/v1/projects/terraform-gcp-justjules/regions/europe-west1/addresses/europe-vpn-ip",
            "subnetwork": "",
            "terraform_labels": {},
            "timeouts": null,
            "users": []
          },
          "sensitive_attributes": [],
          "private": "eyJlMmJmYjczMC1lY2FhLTExZTYtOGY4OC0zNDM2M2JjN2M0YzAiOnsiY3JlYXRlIjoxMjAwMDAwMDAwMDAwLCJkZWxldGUiOjEyMDAwMDAwMDAwMDAsInVwZGF0ZSI6MTIwMDAwMDAwMDAwMH19"
        }
      ]
    },
    {
      "module": "module.europe.module.europe_vpn",
      "mode": "managed",
      "type": "google_compute_forwarding_rule",
      "name": "esp",
      "provider": "module.europe.provider[\"registry.terraform.io/hashicorp/google\"]",
      "instances": [
        {
          "schema_version": 0,
          "attributes": {
            "all_ports": false,
            "allow_global_access": false,
            "allow_psc_global_access": false,
            "backend_service": "",
            "base_forwarding_rule": "",
            "creation_timestamp": "2024-05-15T15:07:14.110-07:00",
            "description": "",
            "effective_labels": {},
            "id": "projects/terraform-gcp-justjules/regions/europe-west1/forwardingRules/europe-vpn-gateway-esp",
            "ip_address": "34.76.178.39",
            "ip_protocol": "ESP",
            "ip_version": "",
            "is_mirroring_collector": false,
            "label_fingerprint": "42WmSpB8rSM=",
            "labels": null,
            "load_balancing_scheme": "EXTERNAL",
            "name": "europe-vpn-gateway-esp",
            "network": "",
            "network_tier": "PREMIUM",
            "no_automate_dns_zone": null,
            "port_range": "",
            "ports": null,
            "project": "terraform-gcp-justjules",
            "psc_connection_id": "",
            "psc_connection_status": "",
            "recreate_closed_psc": false,
            "region": "europe-west1",
            "self_link": "https://www.googleapis.com/compute/v1/projects/terraform-gcp-justjules/regions/europe-west1/forwardingRules/europe-vpn-gateway-esp",
            "service_directory_registrations": [],
            "service_label": "",
            "service_name": "",
            "source_ip_ranges": null,
            "subnetwork": "",
            "target": "https://www.googleapis.com/compute/v1/projects/terraform-gcp-justjules/regions/europe-west1/targetVpnGateways/europe-vpn-gateway",
            "terraform_labels": {},
            "timeouts": null
          },
          "sensitive_attributes": [],
          "private": "eyJlMmJmYjczMC1lY2FhLTExZTYtOGY4OC0zNDM2M2JjN2M0YzAiOnsiY3JlYXRlIjoxMjAwMDAwMDAwMDAwLCJkZWxldGUiOjEyMDAwMDAwMDAwMDAsInVwZGF0ZSI6MTIwMDAwMDAwMDAwMH19",
          "dependencies": [
            "module.europe.google_compute_network.europe_network",
            "module.europe.module.europe_vpn.google_compute_address.vpn_ip",
            "module.europe.module.europe_vpn.google_compute_vpn_gateway.vpn_gateway"
          ]
        }
      ]
    },
    {
      "module": "module.europe.module.europe_vpn",
      "mode": "managed",
      "type": "google_compute_forwarding_rule",
      "name": "udp4500",
      "provider": "module.europe.provider[\"registry.terraform.io/hashicorp/google\"]",
      "instances": [
        {
          "schema_version": 0,
          "attributes": {
            "all_ports": false,
            "allow_global_access": false,
            "allow_psc_global_access": false,
            "backend_service": "",
            "base_forwarding_rule": "",
            "creation_timestamp": "2024-05-15T15:07:15.681-07:00",
            "description": "",
            "effective_labels": {},
            "id": "projects/terraform-gcp-justjules/regions/europe-west1/forwardingRules/europe-vpn-gateway-udp4500",
            "ip_address": "34.76.178.39",
            "ip_protocol": "UDP",
            "ip_version": "",
            "is_mirroring_collector": false,
            "label_fingerprint": "42WmSpB8rSM=",
            "labels": null,
            "load_balancing_scheme": "EXTERNAL",
            "name": "europe-vpn-gateway-udp4500",
            "network": "",
            "network_tier": "PREMIUM",
            "no_automate_dns_zone": null,
            "port_range": "4500-4500",
            "ports": null,
            "project": "terraform-gcp-justjules",
            "psc_connection_id": "",
            "psc_connection_status": "",
            "recreate_closed_psc": false,
            "region": "europe-west1",
            "self_link": "https://www.googleapis.com/compute/v1/projects/terraform-gcp-justjules/regions/europe-west1/forwardingRules/europe-vpn-gateway-udp4500",
            "service_directory_registrations": [],
            "service_label": "",
            "service_name": "",
            "source_ip_ranges": null,
            "subnetwork": "",
            "target": "https://www.googleapis.com/compute/v1/projects/terraform-gcp-justjules/regions/europe-west1/targetVpnGateways/europe-vpn-gateway",
            "terraform_labels": {},
            "timeouts": null
          },
          "sensitive_attributes": [],
          "private": "eyJlMmJmYjczMC1lY2FhLTExZTYtOGY4OC0zNDM2M2JjN2M0YzAiOnsiY3JlYXRlIjoxMjAwMDAwMDAwMDAwLCJkZWxldGUiOjEyMDAwMDAwMDAwMDAsInVwZGF0ZSI6MTIwMDAwMDAwMDAwMH19",
          "dependencies": [
            "module.europe.google_compute_network.europe_network",
            "module.europe.module.europe_vpn.google_compute_address.vpn_ip",
            "module.europe.module.europe_vpn.google_compute_vpn_gateway.vpn_gateway"
          ]
        }
      ]
    },
    {
      "module": "module.europe.module.europe_vpn",
      "mode": "managed",
      "type": "google_compute_forwarding_rule",
      "name": "udp500",
      "provider": "module.europe.provider[\"registry.terraform.io/hashicorp/google\"]",
      "instances": [
        {
          "schema_version": 0,
          "attributes": {
            "all_ports": false,
            "allow_global_access": false,
            "allow_psc_global_access": false,
            "backend_service": "",
            "base_forwarding_rule": "",
            "creation_timestamp": "2024-05-15T15:07:17.082-07:00",
            "description": "",
            "effective_labels": {},
            "id": "projects/terraform-gcp-justjules/regions/europe-west1/forwardingRules/europe-vpn-gateway-udp500",
            "ip_address": "34.76.178.39",
            "ip_protocol": "UDP",
            "ip_version": "",
            "is_mirroring_collector": false,
            "label_fingerprint": "42WmSpB8rSM=",
            "labels": null,
            "load_balancing_scheme": "EXTERNAL",
            "name": "europe-vpn-gateway-udp500",
            "network": "",
            "network_tier": "PREMIUM",
            "no_automate_dns_zone": null,
            "port_range": "500-500",
            "ports": null,
            "project": "terraform-gcp-justjules",
            "psc_connection_id": "",
            "psc_connection_status": "",
            "recreate_closed_psc": false,
            "region": "europe-west1",
            "self_link": "https://www.googleapis.com/compute/v1/projects/terraform-gcp-justjules/regions/europe-west1/forwardingRules/europe-vpn-gateway-udp500",
            "service_directory_registrations": [],
            "service_label": "",
            "service_name": "",
            "source_ip_ranges": null,
            "subnetwork": "",
            "target": "https://www.googleapis.com/compute/v1/projects/terraform-gcp-justjules/regions/europe-west1/targetVpnGateways/europe-vpn-gateway",
            "terraform_labels": {},
            "timeouts": null
          },
          "sensitive_attributes": [],
          "private": "eyJlMmJmYjczMC1lY2FhLTExZTYtOGY4OC0zNDM2M2JjN2M0YzAiOnsiY3JlYXRlIjoxMjAwMDAwMDAwMDAwLCJkZWxldGUiOjEyMDAwMDAwMDAwMDAsInVwZGF0ZSI6MTIwMDAwMDAwMDAwMH19",
          "dependencies": [
            "module.europe.google_compute_network.europe_network",
            "module.europe.module.europe_vpn.google_compute_address.vpn_ip",
            "module.europe.module.europe_vpn.google_compute_vpn_gateway.vpn_gateway"
          ]
        }
      ]
    },
    {
      "module": "module.europe.module.europe_vpn",
      "mode": "managed",
      "type": "google_compute_route",
      "name": "vpn_route",
      "provider": "module.europe.provider[\"registry.terraform.io/hashicorp/google\"]",
      "instances": [
        {
          "schema_version": 0,
          "attributes": {
            "description": "",
            "dest_range": "192.168.11.0/24",
            "id": "projects/terraform-gcp-justjules/global/routes/europe-to-asia-route",
            "name": "europe-to-asia-route",
            "network": "https://www.googleapis.com/compute/v1/projects/terraform-gcp-justjules/global/networks/europe-network",
            "next_hop_gateway": "",
            "next_hop_ilb": "",
            "next_hop_instance": "",
            "next_hop_instance_zone": null,
            "next_hop_ip": "",
            "next_hop_network": "",
            "next_hop_vpn_tunnel": "https://www.googleapis.com/compute/v1/projects/terraform-gcp-justjules/regions/europe-west1/vpnTunnels/europe-to-asia-tunnel",
            "priority": 1000,
            "project": "terraform-gcp-justjules",
            "self_link": "https://www.googleapis.com/compute/v1/projects/terraform-gcp-justjules/global/routes/europe-to-asia-route",
            "tags": null,
            "timeouts": null
          },
          "sensitive_attributes": [],
          "private": "eyJlMmJmYjczMC1lY2FhLTExZTYtOGY4OC0zNDM2M2JjN2M0YzAiOnsiY3JlYXRlIjoxMjAwMDAwMDAwMDAwLCJkZWxldGUiOjEyMDAwMDAwMDAwMDB9fQ==",
          "dependencies": [
            "data.google_secret_manager_secret_version.vpn_secret",
            "module.asia.module.asia_vpn.google_compute_address.vpn_ip",
            "module.europe.google_compute_network.europe_network",
            "module.europe.module.europe_vpn.google_compute_address.vpn_ip",
            "module.europe.module.europe_vpn.google_compute_forwarding_rule.esp",
            "module.europe.module.europe_vpn.google_compute_forwarding_rule.udp4500",
            "module.europe.module.europe_vpn.google_compute_forwarding_rule.udp500",
            "module.europe.module.europe_vpn.google_compute_vpn_gateway.vpn_gateway",
            "module.europe.module.europe_vpn.google_compute_vpn_tunnel.vpn_tunnel"
          ]
        }
      ]
    },
    {
      "module": "module.europe.module.europe_vpn",
      "mode": "managed",
      "type": "google_compute_vpn_gateway",
      "name": "vpn_gateway",
      "provider": "module.europe.provider[\"registry.terraform.io/hashicorp/google\"]",
      "instances": [
        {
          "schema_version": 0,
          "attributes": {
            "creation_timestamp": "2024-05-15T15:07:02.471-07:00",
            "description": "",
            "gateway_id": 5393535399872728297,
            "id": "projects/terraform-gcp-justjules/regions/europe-west1/targetVpnGateways/europe-vpn-gateway",
            "name": "europe-vpn-gateway",
            "network": "https://www.googleapis.com/compute/v1/projects/terraform-gcp-justjules/global/networks/europe-network",
            "project": "terraform-gcp-justjules",
            "region": "europe-west1",
            "self_link": "https://www.googleapis.com/compute/v1/projects/terraform-gcp-justjules/regions/europe-west1/targetVpnGateways/europe-vpn-gateway",
            "timeouts": null
          },
          "sensitive_attributes": [],
          "private": "eyJlMmJmYjczMC1lY2FhLTExZTYtOGY4OC0zNDM2M2JjN2M0YzAiOnsiY3JlYXRlIjoxMjAwMDAwMDAwMDAwLCJkZWxldGUiOjEyMDAwMDAwMDAwMDB9fQ==",
          "dependencies": [
            "module.europe.google_compute_network.europe_network"
          ]
        }
      ]
    },
    {
      "module": "module.europe.module.europe_vpn",
      "mode": "managed",
      "type": "google_compute_vpn_tunnel",
      "name": "vpn_tunnel",
      "provider": "module.europe.provider[\"registry.terraform.io/hashicorp/google\"]",
      "instances": [
        {
          "schema_version": 0,
          "attributes": {
            "creation_timestamp": "2024-05-15T15:07:35.566-07:00",
            "description": "",
            "detailed_status": "Tunnel is up and running.",
            "effective_labels": {},
            "id": "projects/terraform-gcp-justjules/regions/europe-west1/vpnTunnels/europe-to-asia-tunnel",
            "ike_version": 2,
            "label_fingerprint": "42WmSpB8rSM=",
            "labels": null,
            "local_traffic_selector": [
              "10.150.11.0/24"
            ],
            "name": "europe-to-asia-tunnel",
            "peer_external_gateway": "",
            "peer_external_gateway_interface": 0,
            "peer_gcp_gateway": "",
            "peer_ip": "34.85.18.154",
            "project": "terraform-gcp-justjules",
            "region": "europe-west1",
            "remote_traffic_selector": [
              "192.168.11.0/24"
            ],
            "router": "",
            "self_link": "https://www.googleapis.com/compute/v1/projects/terraform-gcp-justjules/regions/europe-west1/vpnTunnels/europe-to-asia-tunnel",
            
            "shared_secret_hash": "Axwy4_vYgPZl7v0ztRiRYbxOYLhf",
            "target_vpn_gateway": "https://www.googleapis.com/compute/v1/projects/terraform-gcp-justjules/regions/europe-west1/targetVpnGateways/europe-vpn-gateway",
            "terraform_labels": {},
            "timeouts": null,
            "tunnel_id": "4003889046100675784",
            "vpn_gateway": "",
            "vpn_gateway_interface": 0
          },
          "sensitive_attributes": [
            [
              {
                "type": "get_attr",
                "value": "shared_secret"
              }
            ]
          ],
          "private": "eyJlMmJmYjczMC1lY2FhLTExZTYtOGY4OC0zNDM2M2JjN2M0YzAiOnsiY3JlYXRlIjoxMjAwMDAwMDAwMDAwLCJkZWxldGUiOjEyMDAwMDAwMDAwMDAsInVwZGF0ZSI6MTIwMDAwMDAwMDAwMH19",
          "dependencies": [
            "data.google_secret_manager_secret_version.vpn_secret",
            "module.asia.module.asia_vpn.google_compute_address.vpn_ip",
            "module.europe.google_compute_network.europe_network",
            "module.europe.module.europe_vpn.google_compute_address.vpn_ip",
            "module.europe.module.europe_vpn.google_compute_forwarding_rule.esp",
            "module.europe.module.europe_vpn.google_compute_forwarding_rule.udp4500",
            "module.europe.module.europe_vpn.google_compute_forwarding_rule.udp500",
            "module.europe.module.europe_vpn.google_compute_vpn_gateway.vpn_gateway"
          ]
        }
      ]
    },
    {
      "module": "module.peering",
      "mode": "managed",
      "type": "google_compute_network_peering",
      "name": "america_europe_peering",
      "provider": "module.peering.provider[\"registry.terraform.io/hashicorp/google\"]",
      "instances": [
        {
          "schema_version": 0,
          "attributes": {
            "export_custom_routes": false,
            "export_subnet_routes_with_public_ip": true,
            "id": "americas-network/america-to-europe-peering",
            "import_custom_routes": false,
            "import_subnet_routes_with_public_ip": false,
            "name": "america-to-europe-peering",
            "network": "projects/terraform-gcp-justjules/global/networks/americas-network",
            "peer_network": "https://www.googleapis.com/compute/v1/projects/terraform-gcp-justjules/global/networks/europe-network",
            "stack_type": "IPV4_ONLY",
            "state": "INACTIVE",
            "state_details": "[2024-05-15T15:07:13.818-07:00]: Waiting for peer network to connect.",
            "timeouts": null
          },
          "sensitive_attributes": [],
          "private": "eyJlMmJmYjczMC1lY2FhLTExZTYtOGY4OC0zNDM2M2JjN2M0YzAiOnsiY3JlYXRlIjoyNDAwMDAwMDAwMDAsImRlbGV0ZSI6MjQwMDAwMDAwMDAwLCJ1cGRhdGUiOjI0MDAwMDAwMDAwMH19",
          "dependencies": [
            "module.america.google_compute_network.americas_network",
            "module.europe.google_compute_network.europe_network"
          ]
        }
      ]
    },
    {
      "module": "module.peering",
      "mode": "managed",
      "type": "google_compute_network_peering",
      "name": "europe_america_peering",
      "provider": "module.peering.provider[\"registry.terraform.io/hashicorp/google\"]",
      "instances": [
        {
          "schema_version": 0,
          "attributes": {
            "export_custom_routes": false,
            "export_subnet_routes_with_public_ip": true,
            "id": "europe-network/europe-to-america-peering",
            "import_custom_routes": false,
            "import_subnet_routes_with_public_ip": false,
            "name": "europe-to-america-peering",
            "network": "projects/terraform-gcp-justjules/global/networks/europe-network",
            "peer_network": "https://www.googleapis.com/compute/v1/projects/terraform-gcp-justjules/global/networks/americas-network",
            "stack_type": "IPV4_ONLY",
            "state": "ACTIVE",
            "state_details": "[2024-05-15T15:07:27.201-07:00]: Connected.",
            "timeouts": null
          },
          "sensitive_attributes": [],
          "private": "eyJlMmJmYjczMC1lY2FhLTExZTYtOGY4OC0zNDM2M2JjN2M0YzAiOnsiY3JlYXRlIjoyNDAwMDAwMDAwMDAsImRlbGV0ZSI6MjQwMDAwMDAwMDAwLCJ1cGRhdGUiOjI0MDAwMDAwMDAwMH19",
          "dependencies": [
            "module.america.google_compute_network.americas_network",
            "module.europe.google_compute_network.europe_network"
          ]
        }
      ]
    }
  ],
  "check_results": null
}
